
Microsoft Visual Studio Solution File, Format Version 12.00
# Visual Studio Version 17
VisualStudioVersion = 17.10.35027.167
MinimumVisualStudioVersion = 10.0.40219.1
Project("{FAE04EC0-301F-11D3-BF4B-00C04F79EFBC}") = "DI-Practice", "DI-Practice\DI-Practice.csproj", "{19EBF065-F041-43CC-815E-D66C21F96D4A}"
EndProject
Global
	GlobalSection(SolutionConfigurationPlatforms) = preSolution
		Debug|Any CPU = Debug|Any CPU
		Release|Any CPU = Release|Any CPU
	EndGlobalSection
	GlobalSection(ProjectConfigurationPlatforms) = postSolution
		{19EBF065-F041-43CC-815E-D66C21F96D4A}.Debug|Any CPU.ActiveCfg = Debug|Any CPU
		{19EBF065-F041-43CC-815E-D66C21F96D4A}.Debug|Any CPU.Build.0 = Debug|Any CPU
		{19EBF065-F041-43CC-815E-D66C21F96D4A}.Release|Any CPU.ActiveCfg = Release|Any CPU
		{19EBF065-F041-43CC-815E-D66C21F96D4A}.Release|Any CPU.Build.0 = Release|Any CPU
	EndGlobalSection
	GlobalSection(SolutionProperties) = preSolution
		HideSolutionNode = FALSE
	EndGlobalSection
	GlobalSection(ExtensibilityGlobals) = postSolution
		SolutionGuid = {0A2B6AE3-6DA3-47E3-A258-BDCB3BD407DB}
	EndGlobalSection
EndGlobal
